
Microsoft Visual Studio Solution File, Format Version 12.00
# Visual Studio 15
VisualStudioVersion = 15.0.27428.2005
MinimumVisualStudioVersion = 10.0.40219.1
Project("{9A19103F-16F7-4668-BE54-9A1E7A4F7556}") = ".build", "build\.build.csproj", "{C025AC5E-7C31-4CC8-B3BE-DF823F7E4793}"
EndProject
Project("{2150E333-8FDC-42A3-9474-1A3956D46DE8}") = "misc", "misc", "{1FE13796-3243-4225-95E4-1F32FD557FBE}"
	ProjectSection(SolutionItems) = preProject
		.gitattributes = .gitattributes
		.gitignore = .gitignore
		.nuke = .nuke
		build.cmd = build.cmd
		build.ps1 = build.ps1
		build.sh = build.sh
		CHANGELOG.md = CHANGELOG.md
		GitVersion.yml = GitVersion.yml
		Jenkinsfile = Jenkinsfile
		LICENSE = LICENSE
		README.md = README.md
	EndProjectSection
EndProject
Project("{9A19103F-16F7-4668-BE54-9A1E7A4F7556}") = "ReSharper.Nuke", "source\resharper\ReSharper.Nuke.csproj", "{36BA4076-FA8B-4828-9D67-0FB09143CF79}"
EndProject
Project("{9A19103F-16F7-4668-BE54-9A1E7A4F7556}") = "ReSharper.Nuke.Tests", "tests\ReSharper.Nuke.Tests\ReSharper.Nuke.Tests.csproj", "{073C38FD-0F6F-4CB5-84D1-266A5ED9C98B}"
EndProject
Project("{FAE04EC0-301F-11D3-BF4B-00C04F79EFBC}") = "Rider.Nuke", "source\resharper\Rider.Nuke.csproj", "{FE5CDC3B-C87F-41EE-B318-83D3D3B8077F}"
EndProject
Global
	GlobalSection(SolutionConfigurationPlatforms) = preSolution
		Debug|Any CPU = Debug|Any CPU
		Release|Any CPU = Release|Any CPU
	EndGlobalSection
	GlobalSection(ProjectConfigurationPlatforms) = postSolution
		{C025AC5E-7C31-4CC8-B3BE-DF823F7E4793}.Debug|Any CPU.ActiveCfg = Debug|Any CPU
		{C025AC5E-7C31-4CC8-B3BE-DF823F7E4793}.Release|Any CPU.ActiveCfg = Release|Any CPU
		{36BA4076-FA8B-4828-9D67-0FB09143CF79}.Debug|Any CPU.ActiveCfg = Debug|Any CPU
		{36BA4076-FA8B-4828-9D67-0FB09143CF79}.Debug|Any CPU.Build.0 = Debug|Any CPU
		{36BA4076-FA8B-4828-9D67-0FB09143CF79}.Release|Any CPU.ActiveCfg = Release|Any CPU
		{36BA4076-FA8B-4828-9D67-0FB09143CF79}.Release|Any CPU.Build.0 = Release|Any CPU
		{073C38FD-0F6F-4CB5-84D1-266A5ED9C98B}.Debug|Any CPU.ActiveCfg = Debug|Any CPU
		{073C38FD-0F6F-4CB5-84D1-266A5ED9C98B}.Debug|Any CPU.Build.0 = Debug|Any CPU
		{073C38FD-0F6F-4CB5-84D1-266A5ED9C98B}.Release|Any CPU.ActiveCfg = Release|Any CPU
		{073C38FD-0F6F-4CB5-84D1-266A5ED9C98B}.Release|Any CPU.Build.0 = Release|Any CPU
		{FE5CDC3B-C87F-41EE-B318-83D3D3B8077F}.Debug|Any CPU.ActiveCfg = Debug|Any CPU
		{FE5CDC3B-C87F-41EE-B318-83D3D3B8077F}.Debug|Any CPU.Build.0 = Debug|Any CPU
		{FE5CDC3B-C87F-41EE-B318-83D3D3B8077F}.Release|Any CPU.ActiveCfg = Release|Any CPU
		{FE5CDC3B-C87F-41EE-B318-83D3D3B8077F}.Release|Any CPU.Build.0 = Release|Any CPU
	EndGlobalSection
	GlobalSection(SolutionProperties) = preSolution
		HideSolutionNode = FALSE
	EndGlobalSection
	GlobalSection(ExtensibilityGlobals) = postSolution
		SolutionGuid = {B0131820-CAC0-4C8E-85D6-19EDBED70D46}
	EndGlobalSection
EndGlobal
